
Microsoft Visual Studio Solution File, Format Version 12.00
# Visual Studio 15
VisualStudioVersion = 15.0.35826.109
MinimumVisualStudioVersion = 10.0.40219.1
Project("{FAE04EC0-301F-11D3-BF4B-00C04F79EFBC}") = "VN RO-TSU DEMO", "VN RO-TSU DEMO\VN RO-TSU DEMO.csproj", "{A0E77696-C81F-46A7-A1FF-127DB11553DC}"
EndProject
Global
	GlobalSection(SolutionConfigurationPlatforms) = preSolution
		Debug|Any CPU = Debug|Any CPU
		Release|Any CPU = Release|Any CPU
	EndGlobalSection
	GlobalSection(ProjectConfigurationPlatforms) = postSolution
		{A0E77696-C81F-46A7-A1FF-127DB11553DC}.Debug|Any CPU.ActiveCfg = Debug|Any CPU
		{A0E77696-C81F-46A7-A1FF-127DB11553DC}.Debug|Any CPU.Build.0 = Debug|Any CPU
		{A0E77696-C81F-46A7-A1FF-127DB11553DC}.Release|Any CPU.ActiveCfg = Release|Any CPU
		{A0E77696-C81F-46A7-A1FF-127DB11553DC}.Release|Any CPU.Build.0 = Release|Any CPU
	EndGlobalSection
	GlobalSection(SolutionProperties) = preSolution
		HideSolutionNode = FALSE
	EndGlobalSection
	GlobalSection(ExtensibilityGlobals) = postSolution
		SolutionGuid = {C5BE4741-C181-4778-885A-6C01588524BC}
	EndGlobalSection
EndGlobal
